
Microsoft Visual Studio Solution File, Format Version 12.00
# Visual Studio Version 17
VisualStudioVersion = 17.11.35327.3
MinimumVisualStudioVersion = 10.0.40219.1
Project("{8BC9CEB8-8B4A-11D0-8D11-00A0C91BC942}") = "ConnectToWlan", "ConnectToWlan.vcxproj", "{EB863C13-0A1D-4A79-A32F-7B074D794628}"
EndProject
Global
	GlobalSection(SolutionConfigurationPlatforms) = preSolution
		Debug|x64 = Debug|x64
		Debug|x86 = Debug|x86
		Release|x64 = Release|x64
		Release|x86 = Release|x86
	EndGlobalSection
	GlobalSection(ProjectConfigurationPlatforms) = postSolution
		{EB863C13-0A1D-4A79-A32F-7B074D794628}.Debug|x64.ActiveCfg = Debug|x64
		{EB863C13-0A1D-4A79-A32F-7B074D794628}.Debug|x64.Build.0 = Debug|x64
		{EB863C13-0A1D-4A79-A32F-7B074D794628}.Debug|x86.ActiveCfg = Debug|Win32
		{EB863C13-0A1D-4A79-A32F-7B074D794628}.Debug|x86.Build.0 = Debug|Win32
		{EB863C13-0A1D-4A79-A32F-7B074D794628}.Release|x64.ActiveCfg = Release|x64
		{EB863C13-0A1D-4A79-A32F-7B074D794628}.Release|x64.Build.0 = Release|x64
		{EB863C13-0A1D-4A79-A32F-7B074D794628}.Release|x86.ActiveCfg = Release|Win32
		{EB863C13-0A1D-4A79-A32F-7B074D794628}.Release|x86.Build.0 = Release|Win32
	EndGlobalSection
	GlobalSection(SolutionProperties) = preSolution
		HideSolutionNode = FALSE
	EndGlobalSection
	GlobalSection(ExtensibilityGlobals) = postSolution
		SolutionGuid = {D1DC3863-D491-45EB-8539-4DE2168C371C}
	EndGlobalSection
EndGlobal
